# This file is automatically @generated by Wally.
# It is not intended for manual editing.
registry = "test"

[[package]]
name = "mountaindouw/textplus"
version = "1.1.5"
dependencies = [["translatewrapper", "prophetouw/translatewrapper@1.0.6"]]

[[package]]
name = "prophetouw/translatewrapper"
version = "1.0.6"
dependencies = []
