# This file is automatically @generated by Wally.
# It is not intended for manual editing.
registry = "test"

[[package]]
name = "prophetouw/faye"
version = "1.3.1"
dependencies = [["Signal", "prophetouw/simplesignal@1.0.13"]]

[[package]]
name = "prophetouw/simplesignal"
version = "1.0.13"
dependencies = []

[[package]]
name = "prophetouw/textplus"
version = "0.1.0"
dependencies = [["faye", "prophetouw/faye@1.3.1"]]
